
Microsoft Visual Studio Solution File, Format Version 12.00
# Visual Studio Version 17
VisualStudioVersion = 17.4.33103.184
MinimumVisualStudioVersion = 10.0.40219.1
Project("{9A19103F-16F7-4668-BE54-9A1E7A4F7556}") = "Asker", "Asker\Asker.csproj", "{98992EA6-9E4A-4D11-9709-CB92C72990E7}"
EndProject
Global
	GlobalSection(SolutionConfigurationPlatforms) = preSolution
		Debug|Any CPU = Debug|Any CPU
		Release|Any CPU = Release|Any CPU
	EndGlobalSection
	GlobalSection(ProjectConfigurationPlatforms) = postSolution
		{98992EA6-9E4A-4D11-9709-CB92C72990E7}.Debug|Any CPU.ActiveCfg = Debug|Any CPU
		{98992EA6-9E4A-4D11-9709-CB92C72990E7}.Debug|Any CPU.Build.0 = Debug|Any CPU
		{98992EA6-9E4A-4D11-9709-CB92C72990E7}.Release|Any CPU.ActiveCfg = Release|Any CPU
		{98992EA6-9E4A-4D11-9709-CB92C72990E7}.Release|Any CPU.Build.0 = Release|Any CPU
	EndGlobalSection
	GlobalSection(SolutionProperties) = preSolution
		HideSolutionNode = FALSE
	EndGlobalSection
	GlobalSection(ExtensibilityGlobals) = postSolution
		SolutionGuid = {071B6C93-5040-4CC0-B7A0-84D4F83E7B8F}
	EndGlobalSection
EndGlobal
